// !$*UTF8*$!
{
	archiveVersion = 1;
	classes = {
	};
	objectVersion = 46;
	objects = {

/* Begin PBXBuildFile section */
		6FC454459E9ECB27A5212F55 /* Pods_SpeakToMe.framework in Frameworks */ = {isa = PBXBuildFile; fileRef = 5BB5985E027EFC00CEEFFF32 /* Pods_SpeakToMe.framework */; };
		7539A4711CE7A57600505E8B /* AppDelegate.swift in Sources */ = {isa = PBXBuildFile; fileRef = 7539A4701CE7A57600505E8B /* AppDelegate.swift */; };
		7539A4781CE7A57600505E8B /* Assets.xcassets in Resources */ = {isa = PBXBuildFile; fileRef = 7539A4771CE7A57600505E8B /* Assets.xcassets */; };
		7539A47B1CE7A57600505E8B /* LaunchScreen.storyboard in Resources */ = {isa = PBXBuildFile; fileRef = 7539A4791CE7A57600505E8B /* LaunchScreen.storyboard */; };
		AA10BC43214F6C0A00C86ED8 /* setting sun.JPG in Resources */ = {isa = PBXBuildFile; fileRef = AA10BC42214F6C0A00C86ED8 /* setting sun.JPG */; };
		AA10BC45214F6EF200C86ED8 /* MakeDiaryViewController.storyboard in Resources */ = {isa = PBXBuildFile; fileRef = AA10BC44214F6EF200C86ED8 /* MakeDiaryViewController.storyboard */; };
		AA10BC47214F6F3200C86ED8 /* ShowMyDiaryViewController.storyboard in Resources */ = {isa = PBXBuildFile; fileRef = AA10BC46214F6F3200C86ED8 /* ShowMyDiaryViewController.storyboard */; };
		AA10BC49214F6F5C00C86ED8 /* AllDiaryViewController.storyboard in Resources */ = {isa = PBXBuildFile; fileRef = AA10BC48214F6F5C00C86ED8 /* AllDiaryViewController.storyboard */; };
		AA10BC4B214F6F8300C86ED8 /* AllRecivedDiaryViewController.storyboard in Resources */ = {isa = PBXBuildFile; fileRef = AA10BC4A214F6F8300C86ED8 /* AllRecivedDiaryViewController.storyboard */; };
		AA10BC4D214F6FA800C86ED8 /* AddFriendViewController.storyboard in Resources */ = {isa = PBXBuildFile; fileRef = AA10BC4C214F6FA800C86ED8 /* AddFriendViewController.storyboard */; };
		AA10BC4F214F6FCF00C86ED8 /* QRViewController.storyboard in Resources */ = {isa = PBXBuildFile; fileRef = AA10BC4E214F6FCF00C86ED8 /* QRViewController.storyboard */; };
		AA10BC51214F700B00C86ED8 /* DrawerViewController.storyboard in Resources */ = {isa = PBXBuildFile; fileRef = AA10BC50214F700B00C86ED8 /* DrawerViewController.storyboard */; };
		AA10BC53214F703000C86ED8 /* SettingViewController.storyboard in Resources */ = {isa = PBXBuildFile; fileRef = AA10BC52214F703000C86ED8 /* SettingViewController.storyboard */; };
		AA10BC55214F704F00C86ED8 /* AllMyDiaryViewController.storyboard in Resources */ = {isa = PBXBuildFile; fileRef = AA10BC54214F704F00C86ED8 /* AllMyDiaryViewController.storyboard */; };
		AA10BC57214F70C000C86ED8 /* MyDiaryViewController.storyboard in Resources */ = {isa = PBXBuildFile; fileRef = AA10BC56214F70C000C86ED8 /* MyDiaryViewController.storyboard */; };
		AA10BC59214F712D00C86ED8 /* CalenderViewController.storyboard in Resources */ = {isa = PBXBuildFile; fileRef = AA10BC58214F712D00C86ED8 /* CalenderViewController.storyboard */; };
		AA4F33AE2101EA8900B410FE /* UserModel.swift in Sources */ = {isa = PBXBuildFile; fileRef = AA4F33AD2101EA8900B410FE /* UserModel.swift */; };
		AA4F33B12101F37B00B410FE /* CircleImageView.swift in Sources */ = {isa = PBXBuildFile; fileRef = AA4F33B02101F37B00B410FE /* CircleImageView.swift */; };
		AA4F33B42102005500B410FE /* SettingTableViewCell.swift in Sources */ = {isa = PBXBuildFile; fileRef = AA4F33B22102005500B410FE /* SettingTableViewCell.swift */; };
		AA4F33B52102005500B410FE /* SettingTableViewCell.xib in Resources */ = {isa = PBXBuildFile; fileRef = AA4F33B32102005500B410FE /* SettingTableViewCell.xib */; };
		AA76C039213E8B9A0061DE38 /* ZLSwipeableView.swift in Sources */ = {isa = PBXBuildFile; fileRef = AA76C035213E8B990061DE38 /* ZLSwipeableView.swift */; };
		AA76C03A213E8B9A0061DE38 /* Scheduler.swift in Sources */ = {isa = PBXBuildFile; fileRef = AA76C036213E8B990061DE38 /* Scheduler.swift */; };
		AA76C03B213E8B9A0061DE38 /* Direction.swift in Sources */ = {isa = PBXBuildFile; fileRef = AA76C037213E8B990061DE38 /* Direction.swift */; };
		AA76C03C213E8B9A0061DE38 /* ViewManager.swift in Sources */ = {isa = PBXBuildFile; fileRef = AA76C038213E8B9A0061DE38 /* ViewManager.swift */; };
		AA76C03E213E8D6F0061DE38 /* CardView.swift in Sources */ = {isa = PBXBuildFile; fileRef = AA76C03D213E8D6F0061DE38 /* CardView.swift */; };
		AA76C042213E90AC0061DE38 /* ZLSwipeableViewController.swift in Sources */ = {isa = PBXBuildFile; fileRef = AA76C041213E90AC0061DE38 /* ZLSwipeableViewController.swift */; };
		AABA9D082125A85800D4AEE3 /* hearts.png in Resources */ = {isa = PBXBuildFile; fileRef = AABA9D072125A85800D4AEE3 /* hearts.png */; };
		AABA9D0A2125B31E00D4AEE3 /* imageBack.png in Resources */ = {isa = PBXBuildFile; fileRef = AABA9D092125B31E00D4AEE3 /* imageBack.png */; };
		AABB5A772147C2C50010BCF5 /* TimeLine.png in Resources */ = {isa = PBXBuildFile; fileRef = AABB5A762147C2C50010BCF5 /* TimeLine.png */; };
		AAF53FF32147DAC700102816 /* TimeLineViewController.swift in Sources */ = {isa = PBXBuildFile; fileRef = AAF53FF22147DAC700102816 /* TimeLineViewController.swift */; };
		CE0F746520FDEF04000D83DB /* background1.png in Resources */ = {isa = PBXBuildFile; fileRef = CE0F746420FDEF03000D83DB /* background1.png */; };
		CE24278920BD5DDE009955AB /* Util.swift in Sources */ = {isa = PBXBuildFile; fileRef = CE24278820BD5DDE009955AB /* Util.swift */; };
		CE2563C220FDAEEE00C4F948 /* calender_show_white.png in Resources */ = {isa = PBXBuildFile; fileRef = CE2563BE20FDAEE900C4F948 /* calender_show_white.png */; };
		CE2563C320FDAEEE00C4F948 /* calender_show_blue.png in Resources */ = {isa = PBXBuildFile; fileRef = CE2563BF20FDAEEA00C4F948 /* calender_show_blue.png */; };
		CE2563C520FDAEEE00C4F948 /* calender_add_white.png in Resources */ = {isa = PBXBuildFile; fileRef = CE2563C120FDAEEC00C4F948 /* calender_add_white.png */; };
		CE2E6D842101D3560065CCBB /* CustomDelegate.swift in Sources */ = {isa = PBXBuildFile; fileRef = CE2E6D832101D3560065CCBB /* CustomDelegate.swift */; };
		CE2E6D862101D4540065CCBB /* Camera.png in Resources */ = {isa = PBXBuildFile; fileRef = CE2E6D852101D4540065CCBB /* Camera.png */; };
		CE2E6D892101D4BD0065CCBB /* Setting.png in Resources */ = {isa = PBXBuildFile; fileRef = CE2E6D872101D4BC0065CCBB /* Setting.png */; };
		CE2E6D8A2101D4BD0065CCBB /* QRcode.png in Resources */ = {isa = PBXBuildFile; fileRef = CE2E6D882101D4BD0065CCBB /* QRcode.png */; };
		CE2E6D8C2101DB7E0065CCBB /* MyDiary.png in Resources */ = {isa = PBXBuildFile; fileRef = CE2E6D8B2101DB7E0065CCBB /* MyDiary.png */; };
		CE2E6D8E2101DD0B0065CCBB /* MyFriendDiary.png in Resources */ = {isa = PBXBuildFile; fileRef = CE2E6D8D2101DD0B0065CCBB /* MyFriendDiary.png */; };
		CE3FD43D20FEE8EF00CF07F8 /* calender_add_blue1.png in Resources */ = {isa = PBXBuildFile; fileRef = CE3FD43C20FEE8EF00CF07F8 /* calender_add_blue1.png */; };
		CE4676A620F4C2EC009DA351 /* AllDiaryViewController.swift in Sources */ = {isa = PBXBuildFile; fileRef = CE4676A520F4C2EC009DA351 /* AllDiaryViewController.swift */; };
		CE4676B520F4C34B009DA351 /* TopViewController.swift in Sources */ = {isa = PBXBuildFile; fileRef = CE4676A920F4C349009DA351 /* TopViewController.swift */; };
		CE4676B620F4C34B009DA351 /* AllMyDiaryViewController.swift in Sources */ = {isa = PBXBuildFile; fileRef = CE4676AA20F4C349009DA351 /* AllMyDiaryViewController.swift */; };
		CE4676B720F4C34B009DA351 /* CalenderViewController.swift in Sources */ = {isa = PBXBuildFile; fileRef = CE4676AB20F4C349009DA351 /* CalenderViewController.swift */; };
		CE4676B820F4C34B009DA351 /* MakeDiaryViewController.swift in Sources */ = {isa = PBXBuildFile; fileRef = CE4676AC20F4C34A009DA351 /* MakeDiaryViewController.swift */; };
		CE4676B920F4C34B009DA351 /* DrawerViewController.swift in Sources */ = {isa = PBXBuildFile; fileRef = CE4676AD20F4C34A009DA351 /* DrawerViewController.swift */; };
		CE4676BA20F4C34B009DA351 /* MyDiaryViewController.swift in Sources */ = {isa = PBXBuildFile; fileRef = CE4676AE20F4C34A009DA351 /* MyDiaryViewController.swift */; };
		CE4676BB20F4C34B009DA351 /* SettingViewController.swift in Sources */ = {isa = PBXBuildFile; fileRef = CE4676AF20F4C34A009DA351 /* SettingViewController.swift */; };
		CE4676BC20F4C34B009DA351 /* AddFriendViewController.swift in Sources */ = {isa = PBXBuildFile; fileRef = CE4676B020F4C34A009DA351 /* AddFriendViewController.swift */; };
		CE4676BE20F4C34B009DA351 /* AllRecivedDiaryViewController.swift in Sources */ = {isa = PBXBuildFile; fileRef = CE4676B220F4C34B009DA351 /* AllRecivedDiaryViewController.swift */; };
		CE4676C020F4C34B009DA351 /* ShowMyDiaryViewController.swift in Sources */ = {isa = PBXBuildFile; fileRef = CE4676B420F4C34B009DA351 /* ShowMyDiaryViewController.swift */; };
		CE4676D120F4C42E009DA351 /* CustomDrawerTableViewCell.xib in Resources */ = {isa = PBXBuildFile; fileRef = CE4676C520F4C42C009DA351 /* CustomDrawerTableViewCell.xib */; };
		CE4676D220F4C42E009DA351 /* CollectionViewCell.swift in Sources */ = {isa = PBXBuildFile; fileRef = CE4676C620F4C42C009DA351 /* CollectionViewCell.swift */; };
		CE4676D320F4C42E009DA351 /* XibTableViewCell.xib in Resources */ = {isa = PBXBuildFile; fileRef = CE4676C720F4C42C009DA351 /* XibTableViewCell.xib */; };
		CE4676D520F4C42E009DA351 /* CollectionViewCell.xib in Resources */ = {isa = PBXBuildFile; fileRef = CE4676C920F4C42D009DA351 /* CollectionViewCell.xib */; };
		CE4676D620F4C42E009DA351 /* MyCustomDiaryTableViewCell.swift in Sources */ = {isa = PBXBuildFile; fileRef = CE4676CA20F4C42D009DA351 /* MyCustomDiaryTableViewCell.swift */; };
		CE4676D720F4C42E009DA351 /* MyCustomDiaryTableViewCell.xib in Resources */ = {isa = PBXBuildFile; fileRef = CE4676CB20F4C42D009DA351 /* MyCustomDiaryTableViewCell.xib */; };
		CE4676D820F4C42E009DA351 /* NameTableViewCell.swift in Sources */ = {isa = PBXBuildFile; fileRef = CE4676CC20F4C42D009DA351 /* NameTableViewCell.swift */; };
		CE4676D920F4C42E009DA351 /* NameTableViewCell.xib in Resources */ = {isa = PBXBuildFile; fileRef = CE4676CD20F4C42E009DA351 /* NameTableViewCell.xib */; };
		CE4676DA20F4C42E009DA351 /* XibTableViewCell.swift in Sources */ = {isa = PBXBuildFile; fileRef = CE4676CE20F4C42E009DA351 /* XibTableViewCell.swift */; };
		CE4676DC20F4C42E009DA351 /* CustomDrawerTableViewCell.swift in Sources */ = {isa = PBXBuildFile; fileRef = CE4676D020F4C42E009DA351 /* CustomDrawerTableViewCell.swift */; };
		CE4676DE20F4C43A009DA351 /* QRViewController.swift in Sources */ = {isa = PBXBuildFile; fileRef = CE4676DD20F4C43A009DA351 /* QRViewController.swift */; };
		CE4676E020F4C474009DA351 /* RealmModel.swift in Sources */ = {isa = PBXBuildFile; fileRef = CE4676DF20F4C474009DA351 /* RealmModel.swift */; };
		CE4676E320F4C491009DA351 /* DateManager.swift in Sources */ = {isa = PBXBuildFile; fileRef = CE4676E220F4C491009DA351 /* DateManager.swift */; };
		CE4676E620F4C4A7009DA351 /* Extension.swift in Sources */ = {isa = PBXBuildFile; fileRef = CE4676E520F4C4A7009DA351 /* Extension.swift */; };
		CE4676EC20F4C4DF009DA351 /* CalculateCalendarLogic.swift in Sources */ = {isa = PBXBuildFile; fileRef = CE4676E820F4C4DE009DA351 /* CalculateCalendarLogic.swift */; };
		CE4676ED20F4C4DF009DA351 /* CurrentDateSetting.swift in Sources */ = {isa = PBXBuildFile; fileRef = CE4676E920F4C4DE009DA351 /* CurrentDateSetting.swift */; };
		CE4676EE20F4C4DF009DA351 /* CalendarSetting.swift in Sources */ = {isa = PBXBuildFile; fileRef = CE4676EA20F4C4DE009DA351 /* CalendarSetting.swift */; };
		CE4676EF20F4C4DF009DA351 /* TargetDateSetting.swift in Sources */ = {isa = PBXBuildFile; fileRef = CE4676EB20F4C4DF009DA351 /* TargetDateSetting.swift */; };
		CE4D06B920E2305B00E87A14 /* Main.storyboard in Resources */ = {isa = PBXBuildFile; fileRef = CE4D06B820E2305B00E87A14 /* Main.storyboard */; };
		CE7AF50421265CB30057A925 /* TopView.png in Resources */ = {isa = PBXBuildFile; fileRef = CE7AF50321265CB30057A925 /* TopView.png */; };
		CE7AF50621265E250057A925 /* uzura.ttf in Resources */ = {isa = PBXBuildFile; fileRef = CE7AF50521265E010057A925 /* uzura.ttf */; };
		CE7AF508212662CD0057A925 /* icon.png in Resources */ = {isa = PBXBuildFile; fileRef = CE7AF507212662CD0057A925 /* icon.png */; };
		CEA44ACA20B434AC005D5BAA /* GoogleService-Info.plist in Resources */ = {isa = PBXBuildFile; fileRef = CEA44AC920B434AC005D5BAA /* GoogleService-Info.plist */; };
		CEE4F121211F68830008FC2A /* TopViewController1.png in Resources */ = {isa = PBXBuildFile; fileRef = CEE4F11F211F68800008FC2A /* TopViewController1.png */; };
/* End PBXBuildFile section */

/* Begin PBXFileReference section */
		5BB5985E027EFC00CEEFFF32 /* Pods_SpeakToMe.framework */ = {isa = PBXFileReference; explicitFileType = wrapper.framework; includeInIndex = 0; path = Pods_SpeakToMe.framework; sourceTree = BUILT_PRODUCTS_DIR; };
		5CA9256706EB01288FB2DAC0 /* Pods-SpeakToMe.debug.xcconfig */ = {isa = PBXFileReference; includeInIndex = 1; lastKnownFileType = text.xcconfig; name = "Pods-SpeakToMe.debug.xcconfig"; path = "Pods/Target Support Files/Pods-SpeakToMe/Pods-SpeakToMe.debug.xcconfig"; sourceTree = "<group>"; };
		7539A46D1CE7A57600505E8B /* SpeakToMe.app */ = {isa = PBXFileReference; explicitFileType = wrapper.application; includeInIndex = 0; path = SpeakToMe.app; sourceTree = BUILT_PRODUCTS_DIR; };
		7539A4701CE7A57600505E8B /* AppDelegate.swift */ = {isa = PBXFileReference; lastKnownFileType = sourcecode.swift; path = AppDelegate.swift; sourceTree = "<group>"; };
		7539A4771CE7A57600505E8B /* Assets.xcassets */ = {isa = PBXFileReference; lastKnownFileType = folder.assetcatalog; path = Assets.xcassets; sourceTree = "<group>"; };
		7539A47A1CE7A57600505E8B /* Base */ = {isa = PBXFileReference; lastKnownFileType = file.storyboard; name = Base; path = Base.lproj/LaunchScreen.storyboard; sourceTree = "<group>"; };
		7539A47C1CE7A57600505E8B /* Info.plist */ = {isa = PBXFileReference; lastKnownFileType = text.plist.xml; path = Info.plist; sourceTree = "<group>"; };
		7728B0D1782366C8CF929497 /* Pods-SpeakToMe.release.xcconfig */ = {isa = PBXFileReference; includeInIndex = 1; lastKnownFileType = text.xcconfig; name = "Pods-SpeakToMe.release.xcconfig"; path = "Pods/Target Support Files/Pods-SpeakToMe/Pods-SpeakToMe.release.xcconfig"; sourceTree = "<group>"; };
		AA10BC42214F6C0A00C86ED8 /* setting sun.JPG */ = {isa = PBXFileReference; lastKnownFileType = image.jpeg; path = "setting sun.JPG"; sourceTree = "<group>"; };
		AA10BC44214F6EF200C86ED8 /* MakeDiaryViewController.storyboard */ = {isa = PBXFileReference; fileEncoding = 4; lastKnownFileType = file.storyboard; name = MakeDiaryViewController.storyboard; path = ViewController/MakeDiaryViewController.storyboard; sourceTree = "<group>"; };
		AA10BC46214F6F3200C86ED8 /* ShowMyDiaryViewController.storyboard */ = {isa = PBXFileReference; fileEncoding = 4; lastKnownFileType = file.storyboard; name = ShowMyDiaryViewController.storyboard; path = ViewController/ShowMyDiaryViewController.storyboard; sourceTree = "<group>"; };
		AA10BC48214F6F5C00C86ED8 /* AllDiaryViewController.storyboard */ = {isa = PBXFileReference; fileEncoding = 4; lastKnownFileType = file.storyboard; name = AllDiaryViewController.storyboard; path = ViewController/AllDiaryViewController.storyboard; sourceTree = "<group>"; };
		AA10BC4A214F6F8300C86ED8 /* AllRecivedDiaryViewController.storyboard */ = {isa = PBXFileReference; fileEncoding = 4; lastKnownFileType = file.storyboard; name = AllRecivedDiaryViewController.storyboard; path = ViewController/AllRecivedDiaryViewController.storyboard; sourceTree = "<group>"; };
		AA10BC4C214F6FA800C86ED8 /* AddFriendViewController.storyboard */ = {isa = PBXFileReference; fileEncoding = 4; lastKnownFileType = file.storyboard; name = AddFriendViewController.storyboard; path = ViewController/AddFriendViewController.storyboard; sourceTree = "<group>"; };
		AA10BC4E214F6FCF00C86ED8 /* QRViewController.storyboard */ = {isa = PBXFileReference; fileEncoding = 4; lastKnownFileType = file.storyboard; name = QRViewController.storyboard; path = ViewController/QRViewController.storyboard; sourceTree = "<group>"; };
		AA10BC50214F700B00C86ED8 /* DrawerViewController.storyboard */ = {isa = PBXFileReference; fileEncoding = 4; lastKnownFileType = file.storyboard; name = DrawerViewController.storyboard; path = ViewController/DrawerViewController.storyboard; sourceTree = "<group>"; };
		AA10BC52214F703000C86ED8 /* SettingViewController.storyboard */ = {isa = PBXFileReference; fileEncoding = 4; lastKnownFileType = file.storyboard; name = SettingViewController.storyboard; path = ViewController/SettingViewController.storyboard; sourceTree = "<group>"; };
		AA10BC54214F704F00C86ED8 /* AllMyDiaryViewController.storyboard */ = {isa = PBXFileReference; fileEncoding = 4; lastKnownFileType = file.storyboard; name = AllMyDiaryViewController.storyboard; path = ViewController/AllMyDiaryViewController.storyboard; sourceTree = "<group>"; };
		AA10BC56214F70C000C86ED8 /* MyDiaryViewController.storyboard */ = {isa = PBXFileReference; fileEncoding = 4; lastKnownFileType = file.storyboard; name = MyDiaryViewController.storyboard; path = ViewController/MyDiaryViewController.storyboard; sourceTree = "<group>"; };
		AA10BC58214F712D00C86ED8 /* CalenderViewController.storyboard */ = {isa = PBXFileReference; fileEncoding = 4; lastKnownFileType = file.storyboard; name = CalenderViewController.storyboard; path = ViewController/CalenderViewController.storyboard; sourceTree = "<group>"; };
		AA4F33AD2101EA8900B410FE /* UserModel.swift */ = {isa = PBXFileReference; lastKnownFileType = sourcecode.swift; path = UserModel.swift; sourceTree = "<group>"; };
		AA4F33B02101F37B00B410FE /* CircleImageView.swift */ = {isa = PBXFileReference; lastKnownFileType = sourcecode.swift; path = CircleImageView.swift; sourceTree = "<group>"; };
		AA4F33B22102005500B410FE /* SettingTableViewCell.swift */ = {isa = PBXFileReference; lastKnownFileType = sourcecode.swift; path = SettingTableViewCell.swift; sourceTree = "<group>"; };
		AA4F33B32102005500B410FE /* SettingTableViewCell.xib */ = {isa = PBXFileReference; lastKnownFileType = file.xib; path = SettingTableViewCell.xib; sourceTree = "<group>"; };
		AA76C035213E8B990061DE38 /* ZLSwipeableView.swift */ = {isa = PBXFileReference; fileEncoding = 4; lastKnownFileType = sourcecode.swift; path = ZLSwipeableView.swift; sourceTree = "<group>"; };
		AA76C036213E8B990061DE38 /* Scheduler.swift */ = {isa = PBXFileReference; fileEncoding = 4; lastKnownFileType = sourcecode.swift; path = Scheduler.swift; sourceTree = "<group>"; };
		AA76C037213E8B990061DE38 /* Direction.swift */ = {isa = PBXFileReference; fileEncoding = 4; lastKnownFileType = sourcecode.swift; path = Direction.swift; sourceTree = "<group>"; };
		AA76C038213E8B9A0061DE38 /* ViewManager.swift */ = {isa = PBXFileReference; fileEncoding = 4; lastKnownFileType = sourcecode.swift; path = ViewManager.swift; sourceTree = "<group>"; };
		AA76C03D213E8D6F0061DE38 /* CardView.swift */ = {isa = PBXFileReference; fileEncoding = 4; lastKnownFileType = sourcecode.swift; path = CardView.swift; sourceTree = "<group>"; };
		AA76C041213E90AC0061DE38 /* ZLSwipeableViewController.swift */ = {isa = PBXFileReference; fileEncoding = 4; lastKnownFileType = sourcecode.swift; path = ZLSwipeableViewController.swift; sourceTree = "<group>"; };
		AABA9D072125A85800D4AEE3 /* hearts.png */ = {isa = PBXFileReference; lastKnownFileType = image.png; path = hearts.png; sourceTree = "<group>"; };
		AABA9D092125B31E00D4AEE3 /* imageBack.png */ = {isa = PBXFileReference; lastKnownFileType = image.png; path = imageBack.png; sourceTree = "<group>"; };
		AABB5A762147C2C50010BCF5 /* TimeLine.png */ = {isa = PBXFileReference; lastKnownFileType = image.png; path = TimeLine.png; sourceTree = "<group>"; };
		AAF53FF22147DAC700102816 /* TimeLineViewController.swift */ = {isa = PBXFileReference; fileEncoding = 4; lastKnownFileType = sourcecode.swift; path = TimeLineViewController.swift; sourceTree = "<group>"; };
		CE0F746420FDEF03000D83DB /* background1.png */ = {isa = PBXFileReference; lastKnownFileType = image.png; path = background1.png; sourceTree = "<group>"; };
		CE24278820BD5DDE009955AB /* Util.swift */ = {isa = PBXFileReference; lastKnownFileType = sourcecode.swift; path = Util.swift; sourceTree = "<group>"; };
		CE2563BE20FDAEE900C4F948 /* calender_show_white.png */ = {isa = PBXFileReference; lastKnownFileType = image.png; path = calender_show_white.png; sourceTree = "<group>"; };
		CE2563BF20FDAEEA00C4F948 /* calender_show_blue.png */ = {isa = PBXFileReference; lastKnownFileType = image.png; path = calender_show_blue.png; sourceTree = "<group>"; };
		CE2563C120FDAEEC00C4F948 /* calender_add_white.png */ = {isa = PBXFileReference; lastKnownFileType = image.png; path = calender_add_white.png; sourceTree = "<group>"; };
		CE2E6D832101D3560065CCBB /* CustomDelegate.swift */ = {isa = PBXFileReference; lastKnownFileType = sourcecode.swift; path = CustomDelegate.swift; sourceTree = "<group>"; };
		CE2E6D852101D4540065CCBB /* Camera.png */ = {isa = PBXFileReference; lastKnownFileType = image.png; path = Camera.png; sourceTree = "<group>"; };
		CE2E6D872101D4BC0065CCBB /* Setting.png */ = {isa = PBXFileReference; lastKnownFileType = image.png; path = Setting.png; sourceTree = "<group>"; };
		CE2E6D882101D4BD0065CCBB /* QRcode.png */ = {isa = PBXFileReference; lastKnownFileType = image.png; path = QRcode.png; sourceTree = "<group>"; };
		CE2E6D8B2101DB7E0065CCBB /* MyDiary.png */ = {isa = PBXFileReference; lastKnownFileType = image.png; path = MyDiary.png; sourceTree = "<group>"; };
		CE2E6D8D2101DD0B0065CCBB /* MyFriendDiary.png */ = {isa = PBXFileReference; lastKnownFileType = image.png; path = MyFriendDiary.png; sourceTree = "<group>"; };
		CE3FD43C20FEE8EF00CF07F8 /* calender_add_blue1.png */ = {isa = PBXFileReference; lastKnownFileType = image.png; path = calender_add_blue1.png; sourceTree = "<group>"; };
		CE4676A520F4C2EC009DA351 /* AllDiaryViewController.swift */ = {isa = PBXFileReference; fileEncoding = 4; lastKnownFileType = sourcecode.swift; path = AllDiaryViewController.swift; sourceTree = "<group>"; };
		CE4676A920F4C349009DA351 /* TopViewController.swift */ = {isa = PBXFileReference; fileEncoding = 4; lastKnownFileType = sourcecode.swift; path = TopViewController.swift; sourceTree = "<group>"; };
		CE4676AA20F4C349009DA351 /* AllMyDiaryViewController.swift */ = {isa = PBXFileReference; fileEncoding = 4; lastKnownFileType = sourcecode.swift; path = AllMyDiaryViewController.swift; sourceTree = "<group>"; };
		CE4676AB20F4C349009DA351 /* CalenderViewController.swift */ = {isa = PBXFileReference; fileEncoding = 4; lastKnownFileType = sourcecode.swift; path = CalenderViewController.swift; sourceTree = "<group>"; };
		CE4676AC20F4C34A009DA351 /* MakeDiaryViewController.swift */ = {isa = PBXFileReference; fileEncoding = 4; lastKnownFileType = sourcecode.swift; path = MakeDiaryViewController.swift; sourceTree = "<group>"; };
		CE4676AD20F4C34A009DA351 /* DrawerViewController.swift */ = {isa = PBXFileReference; fileEncoding = 4; lastKnownFileType = sourcecode.swift; path = DrawerViewController.swift; sourceTree = "<group>"; };
		CE4676AE20F4C34A009DA351 /* MyDiaryViewController.swift */ = {isa = PBXFileReference; fileEncoding = 4; lastKnownFileType = sourcecode.swift; path = MyDiaryViewController.swift; sourceTree = "<group>"; };
		CE4676AF20F4C34A009DA351 /* SettingViewController.swift */ = {isa = PBXFileReference; fileEncoding = 4; lastKnownFileType = sourcecode.swift; path = SettingViewController.swift; sourceTree = "<group>"; };
		CE4676B020F4C34A009DA351 /* AddFriendViewController.swift */ = {isa = PBXFileReference; fileEncoding = 4; lastKnownFileType = sourcecode.swift; path = AddFriendViewController.swift; sourceTree = "<group>"; };
		CE4676B220F4C34B009DA351 /* AllRecivedDiaryViewController.swift */ = {isa = PBXFileReference; fileEncoding = 4; lastKnownFileType = sourcecode.swift; path = AllRecivedDiaryViewController.swift; sourceTree = "<group>"; };
		CE4676B420F4C34B009DA351 /* ShowMyDiaryViewController.swift */ = {isa = PBXFileReference; fileEncoding = 4; lastKnownFileType = sourcecode.swift; path = ShowMyDiaryViewController.swift; sourceTree = "<group>"; };
		CE4676C520F4C42C009DA351 /* CustomDrawerTableViewCell.xib */ = {isa = PBXFileReference; fileEncoding = 4; lastKnownFileType = file.xib; path = CustomDrawerTableViewCell.xib; sourceTree = "<group>"; };
		CE4676C620F4C42C009DA351 /* CollectionViewCell.swift */ = {isa = PBXFileReference; fileEncoding = 4; lastKnownFileType = sourcecode.swift; path = CollectionViewCell.swift; sourceTree = "<group>"; };
		CE4676C720F4C42C009DA351 /* XibTableViewCell.xib */ = {isa = PBXFileReference; fileEncoding = 4; lastKnownFileType = file.xib; path = XibTableViewCell.xib; sourceTree = "<group>"; };
		CE4676C920F4C42D009DA351 /* CollectionViewCell.xib */ = {isa = PBXFileReference; fileEncoding = 4; lastKnownFileType = file.xib; path = CollectionViewCell.xib; sourceTree = "<group>"; };
		CE4676CA20F4C42D009DA351 /* MyCustomDiaryTableViewCell.swift */ = {isa = PBXFileReference; fileEncoding = 4; lastKnownFileType = sourcecode.swift; path = MyCustomDiaryTableViewCell.swift; sourceTree = "<group>"; };
		CE4676CB20F4C42D009DA351 /* MyCustomDiaryTableViewCell.xib */ = {isa = PBXFileReference; fileEncoding = 4; lastKnownFileType = file.xib; path = MyCustomDiaryTableViewCell.xib; sourceTree = "<group>"; };
		CE4676CC20F4C42D009DA351 /* NameTableViewCell.swift */ = {isa = PBXFileReference; fileEncoding = 4; lastKnownFileType = sourcecode.swift; path = NameTableViewCell.swift; sourceTree = "<group>"; };
		CE4676CD20F4C42E009DA351 /* NameTableViewCell.xib */ = {isa = PBXFileReference; fileEncoding = 4; lastKnownFileType = file.xib; path = NameTableViewCell.xib; sourceTree = "<group>"; };
		CE4676CE20F4C42E009DA351 /* XibTableViewCell.swift */ = {isa = PBXFileReference; fileEncoding = 4; lastKnownFileType = sourcecode.swift; path = XibTableViewCell.swift; sourceTree = "<group>"; };
		CE4676D020F4C42E009DA351 /* CustomDrawerTableViewCell.swift */ = {isa = PBXFileReference; fileEncoding = 4; lastKnownFileType = sourcecode.swift; path = CustomDrawerTableViewCell.swift; sourceTree = "<group>"; };
		CE4676DD20F4C43A009DA351 /* QRViewController.swift */ = {isa = PBXFileReference; fileEncoding = 4; lastKnownFileType = sourcecode.swift; path = QRViewController.swift; sourceTree = "<group>"; };
		CE4676DF20F4C474009DA351 /* RealmModel.swift */ = {isa = PBXFileReference; fileEncoding = 4; lastKnownFileType = sourcecode.swift; path = RealmModel.swift; sourceTree = "<group>"; };
		CE4676E220F4C491009DA351 /* DateManager.swift */ = {isa = PBXFileReference; fileEncoding = 4; lastKnownFileType = sourcecode.swift; path = DateManager.swift; sourceTree = "<group>"; };
		CE4676E520F4C4A7009DA351 /* Extension.swift */ = {isa = PBXFileReference; fileEncoding = 4; lastKnownFileType = sourcecode.swift; path = Extension.swift; sourceTree = "<group>"; };
		CE4676E820F4C4DE009DA351 /* CalculateCalendarLogic.swift */ = {isa = PBXFileReference; fileEncoding = 4; lastKnownFileType = sourcecode.swift; path = CalculateCalendarLogic.swift; sourceTree = "<group>"; };
		CE4676E920F4C4DE009DA351 /* CurrentDateSetting.swift */ = {isa = PBXFileReference; fileEncoding = 4; lastKnownFileType = sourcecode.swift; path = CurrentDateSetting.swift; sourceTree = "<group>"; };
		CE4676EA20F4C4DE009DA351 /* CalendarSetting.swift */ = {isa = PBXFileReference; fileEncoding = 4; lastKnownFileType = sourcecode.swift; path = CalendarSetting.swift; sourceTree = "<group>"; };
		CE4676EB20F4C4DF009DA351 /* TargetDateSetting.swift */ = {isa = PBXFileReference; fileEncoding = 4; lastKnownFileType = sourcecode.swift; path = TargetDateSetting.swift; sourceTree = "<group>"; };
		CE4D06B820E2305B00E87A14 /* Main.storyboard */ = {isa = PBXFileReference; fileEncoding = 4; lastKnownFileType = file.storyboard; path = Main.storyboard; sourceTree = "<group>"; };
		CE7AF50321265CB30057A925 /* TopView.png */ = {isa = PBXFileReference; lastKnownFileType = image.png; path = TopView.png; sourceTree = "<group>"; };
		CE7AF50521265E010057A925 /* uzura.ttf */ = {isa = PBXFileReference; lastKnownFileType = file; path = uzura.ttf; sourceTree = "<group>"; };
		CE7AF507212662CD0057A925 /* icon.png */ = {isa = PBXFileReference; lastKnownFileType = image.png; path = icon.png; sourceTree = "<group>"; };
		CEA44AC920B434AC005D5BAA /* GoogleService-Info.plist */ = {isa = PBXFileReference; fileEncoding = 4; lastKnownFileType = text.plist.xml; path = "GoogleService-Info.plist"; sourceTree = "<group>"; };
		CEE4F11F211F68800008FC2A /* TopViewController1.png */ = {isa = PBXFileReference; lastKnownFileType = image.png; path = TopViewController1.png; sourceTree = "<group>"; };
/* End PBXFileReference section */

/* Begin PBXFrameworksBuildPhase section */
		7539A46A1CE7A57600505E8B /* Frameworks */ = {
			isa = PBXFrameworksBuildPhase;
			buildActionMask = 2147483647;
			files = (
				6FC454459E9ECB27A5212F55 /* Pods_SpeakToMe.framework in Frameworks */,
			);
			runOnlyForDeploymentPostprocessing = 0;
		};
/* End PBXFrameworksBuildPhase section */

/* Begin PBXGroup section */
		1E6E7264DF9F0899C441EA8A /* Frameworks */ = {
			isa = PBXGroup;
			children = (
				5BB5985E027EFC00CEEFFF32 /* Pods_SpeakToMe.framework */,
			);
			name = Frameworks;
			sourceTree = "<group>";
		};
		7539A4641CE7A57600505E8B = {
			isa = PBXGroup;
			children = (
				7539A46F1CE7A57600505E8B /* SpeakToMe */,
				7539A46E1CE7A57600505E8B /* Products */,
				B47E02D9695204BD0B98BCD9 /* Pods */,
				1E6E7264DF9F0899C441EA8A /* Frameworks */,
			);
			indentWidth = 4;
			sourceTree = "<group>";
			tabWidth = 4;
		};
		7539A46E1CE7A57600505E8B /* Products */ = {
			isa = PBXGroup;
			children = (
				7539A46D1CE7A57600505E8B /* SpeakToMe.app */,
			);
			name = Products;
			sourceTree = "<group>";
		};
		7539A46F1CE7A57600505E8B /* SpeakToMe */ = {
			isa = PBXGroup;
			children = (
				AA66CB92213E88D600723C44 /* ZLSwipeableViewSwift */,
				AA4F33AF2101F35D00B410FE /* CustomView */,
				CE2E6D822101D33A0065CCBB /* Delegate */,
				CE4676F020F4C4E4009DA351 /* Image */,
				CE4676E720F4C4D0009DA351 /* Calender */,
				CE4676E420F4C499009DA351 /* Extention */,
				CE4676E120F4C479009DA351 /* Manager */,
				CE4676A820F4C2FB009DA351 /* CustomLayout */,
				CE4676A720F4C2F4009DA351 /* Model */,
				CE4676A420F4C2DA009DA351 /* ViewController */,
				CE24278720BD5DC6009955AB /* Util */,
				7539A4701CE7A57600505E8B /* AppDelegate.swift */,
				CE4D06B820E2305B00E87A14 /* Main.storyboard */,
				AA10BC58214F712D00C86ED8 /* CalenderViewController.storyboard */,
				AA10BC56214F70C000C86ED8 /* MyDiaryViewController.storyboard */,
				AA10BC54214F704F00C86ED8 /* AllMyDiaryViewController.storyboard */,
				AA10BC52214F703000C86ED8 /* SettingViewController.storyboard */,
				AA10BC50214F700B00C86ED8 /* DrawerViewController.storyboard */,
				AA10BC4E214F6FCF00C86ED8 /* QRViewController.storyboard */,
				AA10BC4C214F6FA800C86ED8 /* AddFriendViewController.storyboard */,
				AA10BC4A214F6F8300C86ED8 /* AllRecivedDiaryViewController.storyboard */,
				AA10BC48214F6F5C00C86ED8 /* AllDiaryViewController.storyboard */,
				AA10BC46214F6F3200C86ED8 /* ShowMyDiaryViewController.storyboard */,
				AA10BC44214F6EF200C86ED8 /* MakeDiaryViewController.storyboard */,
				7539A4771CE7A57600505E8B /* Assets.xcassets */,
				7539A4791CE7A57600505E8B /* LaunchScreen.storyboard */,
				7539A47C1CE7A57600505E8B /* Info.plist */,
				CEA44AC920B434AC005D5BAA /* GoogleService-Info.plist */,
			);
			path = SpeakToMe;
			sourceTree = "<group>";
		};
		AA4F33AF2101F35D00B410FE /* CustomView */ = {
			isa = PBXGroup;
			children = (
				AA76C03D213E8D6F0061DE38 /* CardView.swift */,
				AA4F33B02101F37B00B410FE /* CircleImageView.swift */,
			);
			path = CustomView;
			sourceTree = "<group>";
		};
		AA66CB92213E88D600723C44 /* ZLSwipeableViewSwift */ = {
			isa = PBXGroup;
			children = (
				AA76C041213E90AC0061DE38 /* ZLSwipeableViewController.swift */,
				AA76C037213E8B990061DE38 /* Direction.swift */,
				AA76C036213E8B990061DE38 /* Scheduler.swift */,
				AA76C038213E8B9A0061DE38 /* ViewManager.swift */,
				AA76C035213E8B990061DE38 /* ZLSwipeableView.swift */,
			);
			path = ZLSwipeableViewSwift;
			sourceTree = "<group>";
		};
		B47E02D9695204BD0B98BCD9 /* Pods */ = {
			isa = PBXGroup;
			children = (
				5CA9256706EB01288FB2DAC0 /* Pods-SpeakToMe.debug.xcconfig */,
				7728B0D1782366C8CF929497 /* Pods-SpeakToMe.release.xcconfig */,
			);
			name = Pods;
			sourceTree = "<group>";
		};
		CE24278720BD5DC6009955AB /* Util */ = {
			isa = PBXGroup;
			children = (
				CE24278820BD5DDE009955AB /* Util.swift */,
			);
			path = Util;
			sourceTree = "<group>";
		};
		CE2E6D822101D33A0065CCBB /* Delegate */ = {
			isa = PBXGroup;
			children = (
				CE2E6D832101D3560065CCBB /* CustomDelegate.swift */,
			);
			path = Delegate;
			sourceTree = "<group>";
		};
		CE4676A420F4C2DA009DA351 /* ViewController */ = {
			isa = PBXGroup;
			children = (
				CE4676DD20F4C43A009DA351 /* QRViewController.swift */,
				CE4676B020F4C34A009DA351 /* AddFriendViewController.swift */,
				CE4676AA20F4C349009DA351 /* AllMyDiaryViewController.swift */,
				AAF53FF22147DAC700102816 /* TimeLineViewController.swift */,
				CE4676B220F4C34B009DA351 /* AllRecivedDiaryViewController.swift */,
				CE4676AD20F4C34A009DA351 /* DrawerViewController.swift */,
				CE4676AE20F4C34A009DA351 /* MyDiaryViewController.swift */,
				CE4676AB20F4C349009DA351 /* CalenderViewController.swift */,
				CE4676AF20F4C34A009DA351 /* SettingViewController.swift */,
				CE4676B420F4C34B009DA351 /* ShowMyDiaryViewController.swift */,
				CE4676A920F4C349009DA351 /* TopViewController.swift */,
				CE4676AC20F4C34A009DA351 /* MakeDiaryViewController.swift */,
				CE4676A520F4C2EC009DA351 /* AllDiaryViewController.swift */,
			);
			path = ViewController;
			sourceTree = "<group>";
		};
		CE4676A720F4C2F4009DA351 /* Model */ = {
			isa = PBXGroup;
			children = (
				CE4676DF20F4C474009DA351 /* RealmModel.swift */,
				AA4F33AD2101EA8900B410FE /* UserModel.swift */,
			);
			path = Model;
			sourceTree = "<group>";
		};
		CE4676A820F4C2FB009DA351 /* CustomLayout */ = {
			isa = PBXGroup;
			children = (
				CE4676C620F4C42C009DA351 /* CollectionViewCell.swift */,
				CE4676C920F4C42D009DA351 /* CollectionViewCell.xib */,
				CE4676D020F4C42E009DA351 /* CustomDrawerTableViewCell.swift */,
				CE4676C520F4C42C009DA351 /* CustomDrawerTableViewCell.xib */,
				CE4676CA20F4C42D009DA351 /* MyCustomDiaryTableViewCell.swift */,
				CE4676CB20F4C42D009DA351 /* MyCustomDiaryTableViewCell.xib */,
				CE4676CC20F4C42D009DA351 /* NameTableViewCell.swift */,
				CE4676CD20F4C42E009DA351 /* NameTableViewCell.xib */,
				CE4676CE20F4C42E009DA351 /* XibTableViewCell.swift */,
				CE4676C720F4C42C009DA351 /* XibTableViewCell.xib */,
				AA4F33B22102005500B410FE /* SettingTableViewCell.swift */,
				AA4F33B32102005500B410FE /* SettingTableViewCell.xib */,
			);
			path = CustomLayout;
			sourceTree = "<group>";
		};
		CE4676E120F4C479009DA351 /* Manager */ = {
			isa = PBXGroup;
			children = (
				CE4676E220F4C491009DA351 /* DateManager.swift */,
			);
			path = Manager;
			sourceTree = "<group>";
		};
		CE4676E420F4C499009DA351 /* Extention */ = {
			isa = PBXGroup;
			children = (
				CE4676E520F4C4A7009DA351 /* Extension.swift */,
			);
			path = Extention;
			sourceTree = "<group>";
		};
		CE4676E720F4C4D0009DA351 /* Calender */ = {
			isa = PBXGroup;
			children = (
				CE4676E820F4C4DE009DA351 /* CalculateCalendarLogic.swift */,
				CE4676EA20F4C4DE009DA351 /* CalendarSetting.swift */,
				CE4676E920F4C4DE009DA351 /* CurrentDateSetting.swift */,
				CE4676EB20F4C4DF009DA351 /* TargetDateSetting.swift */,
			);
			path = Calender;
			sourceTree = "<group>";
		};
		CE4676F020F4C4E4009DA351 /* Image */ = {
			isa = PBXGroup;
			children = (
				AABA9D092125B31E00D4AEE3 /* imageBack.png */,
				AABA9D072125A85800D4AEE3 /* hearts.png */,
				CE3FD43C20FEE8EF00CF07F8 /* calender_add_blue1.png */,
				CE2563C120FDAEEC00C4F948 /* calender_add_white.png */,
				CE2563BF20FDAEEA00C4F948 /* calender_show_blue.png */,
				CE2563BE20FDAEE900C4F948 /* calender_show_white.png */,
				CE0F746420FDEF03000D83DB /* background1.png */,
				CE2E6D8B2101DB7E0065CCBB /* MyDiary.png */,
				CE2E6D8D2101DD0B0065CCBB /* MyFriendDiary.png */,
				CE2E6D852101D4540065CCBB /* Camera.png */,
				CE2E6D882101D4BD0065CCBB /* QRcode.png */,
				CE2E6D872101D4BC0065CCBB /* Setting.png */,
				CE7AF50321265CB30057A925 /* TopView.png */,
				CEE4F11F211F68800008FC2A /* TopViewController1.png */,
				CE7AF507212662CD0057A925 /* icon.png */,
				CE7AF50521265E010057A925 /* uzura.ttf */,
				AABB5A762147C2C50010BCF5 /* TimeLine.png */,
				AA10BC42214F6C0A00C86ED8 /* setting sun.JPG */,
			);
			path = Image;
			sourceTree = "<group>";
		};
/* End PBXGroup section */

/* Begin PBXNativeTarget section */
		7539A46C1CE7A57600505E8B /* SpeakToMe */ = {
			isa = PBXNativeTarget;
			buildConfigurationList = 7539A47F1CE7A57600505E8B /* Build configuration list for PBXNativeTarget "SpeakToMe" */;
			buildPhases = (
				BF53839995EBA1C488299CAE /* [CP] Check Pods Manifest.lock */,
				7539A4691CE7A57600505E8B /* Sources */,
				7539A46A1CE7A57600505E8B /* Frameworks */,
				7539A46B1CE7A57600505E8B /* Resources */,
				ED9461F483F7CCC4C696621E /* [CP] Embed Pods Frameworks */,
			);
			buildRules = (
			);
			dependencies = (
			);
			name = SpeakToMe;
			productName = SpeakToMe;
			productReference = 7539A46D1CE7A57600505E8B /* SpeakToMe.app */;
			productType = "com.apple.product-type.application";
		};
/* End PBXNativeTarget section */

/* Begin PBXProject section */
		7539A4651CE7A57600505E8B /* Project object */ = {
			isa = PBXProject;
			attributes = {
				LastSwiftUpdateCheck = 0800;
				LastUpgradeCheck = 0800;
				ORGANIZATIONNAME = "Henry Mason";
				TargetAttributes = {
					7539A46C1CE7A57600505E8B = {
						CreatedOnToolsVersion = 8.0;
						DevelopmentTeam = V7EPKJW7KG;
						ProvisioningStyle = Automatic;
					};
				};
			};
			buildConfigurationList = 7539A4681CE7A57600505E8B /* Build configuration list for PBXProject "Diary" */;
			compatibilityVersion = "Xcode 3.2";
			developmentRegion = English;
			hasScannedForEncodings = 0;
			knownRegions = (
				en,
				Base,
			);
			mainGroup = 7539A4641CE7A57600505E8B;
			productRefGroup = 7539A46E1CE7A57600505E8B /* Products */;
			projectDirPath = "";
			projectRoot = "";
			targets = (
				7539A46C1CE7A57600505E8B /* SpeakToMe */,
			);
		};
/* End PBXProject section */

/* Begin PBXResourcesBuildPhase section */
		7539A46B1CE7A57600505E8B /* Resources */ = {
			isa = PBXResourcesBuildPhase;
			buildActionMask = 2147483647;
			files = (
				AA10BC57214F70C000C86ED8 /* MyDiaryViewController.storyboard in Resources */,
				AA10BC53214F703000C86ED8 /* SettingViewController.storyboard in Resources */,
				CE7AF508212662CD0057A925 /* icon.png in Resources */,
				CE7AF50621265E250057A925 /* uzura.ttf in Resources */,
				CE2563C320FDAEEE00C4F948 /* calender_show_blue.png in Resources */,
				7539A47B1CE7A57600505E8B /* LaunchScreen.storyboard in Resources */,
				CE4676D520F4C42E009DA351 /* CollectionViewCell.xib in Resources */,
				AA10BC4D214F6FA800C86ED8 /* AddFriendViewController.storyboard in Resources */,
				CE4676D320F4C42E009DA351 /* XibTableViewCell.xib in Resources */,
				CE4D06B920E2305B00E87A14 /* Main.storyboard in Resources */,
				CE2E6D892101D4BD0065CCBB /* Setting.png in Resources */,
				CE4676D720F4C42E009DA351 /* MyCustomDiaryTableViewCell.xib in Resources */,
				CE2E6D862101D4540065CCBB /* Camera.png in Resources */,
				CE4676D920F4C42E009DA351 /* NameTableViewCell.xib in Resources */,
				AA10BC49214F6F5C00C86ED8 /* AllDiaryViewController.storyboard in Resources */,
				CE4676D120F4C42E009DA351 /* CustomDrawerTableViewCell.xib in Resources */,
				CE2563C220FDAEEE00C4F948 /* calender_show_white.png in Resources */,
				CE2E6D8A2101D4BD0065CCBB /* QRcode.png in Resources */,
				CE7AF50421265CB30057A925 /* TopView.png in Resources */,
				AA10BC45214F6EF200C86ED8 /* MakeDiaryViewController.storyboard in Resources */,
				AABB5A772147C2C50010BCF5 /* TimeLine.png in Resources */,
				AA10BC4B214F6F8300C86ED8 /* AllRecivedDiaryViewController.storyboard in Resources */,
				AA10BC55214F704F00C86ED8 /* AllMyDiaryViewController.storyboard in Resources */,
				AABA9D082125A85800D4AEE3 /* hearts.png in Resources */,
				CE2563C520FDAEEE00C4F948 /* calender_add_white.png in Resources */,
				AA10BC4F214F6FCF00C86ED8 /* QRViewController.storyboard in Resources */,
				AA10BC43214F6C0A00C86ED8 /* setting sun.JPG in Resources */,
				CEA44ACA20B434AC005D5BAA /* GoogleService-Info.plist in Resources */,
				CE3FD43D20FEE8EF00CF07F8 /* calender_add_blue1.png in Resources */,
				AA10BC51214F700B00C86ED8 /* DrawerViewController.storyboard in Resources */,
				CE0F746520FDEF04000D83DB /* background1.png in Resources */,
				AABA9D0A2125B31E00D4AEE3 /* imageBack.png in Resources */,
				CE2E6D8E2101DD0B0065CCBB /* MyFriendDiary.png in Resources */,
				7539A4781CE7A57600505E8B /* Assets.xcassets in Resources */,
				AA4F33B52102005500B410FE /* SettingTableViewCell.xib in Resources */,
				CEE4F121211F68830008FC2A /* TopViewController1.png in Resources */,
				AA10BC47214F6F3200C86ED8 /* ShowMyDiaryViewController.storyboard in Resources */,
				CE2E6D8C2101DB7E0065CCBB /* MyDiary.png in Resources */,
				AA10BC59214F712D00C86ED8 /* CalenderViewController.storyboard in Resources */,
			);
			runOnlyForDeploymentPostprocessing = 0;
		};
/* End PBXResourcesBuildPhase section */

/* Begin PBXShellScriptBuildPhase section */
		BF53839995EBA1C488299CAE /* [CP] Check Pods Manifest.lock */ = {
			isa = PBXShellScriptBuildPhase;
			buildActionMask = 2147483647;
			files = (
			);
			inputPaths = (
				"${PODS_PODFILE_DIR_PATH}/Podfile.lock",
				"${PODS_ROOT}/Manifest.lock",
			);
			name = "[CP] Check Pods Manifest.lock";
			outputPaths = (
				"$(DERIVED_FILE_DIR)/Pods-SpeakToMe-checkManifestLockResult.txt",
			);
			runOnlyForDeploymentPostprocessing = 0;
			shellPath = /bin/sh;
			shellScript = "diff \"${PODS_PODFILE_DIR_PATH}/Podfile.lock\" \"${PODS_ROOT}/Manifest.lock\" > /dev/null\nif [ $? != 0 ] ; then\n    # print error to STDERR\n    echo \"error: The sandbox is not in sync with the Podfile.lock. Run 'pod install' or update your CocoaPods installation.\" >&2\n    exit 1\nfi\n# This output is used by Xcode 'outputs' to avoid re-running this script phase.\necho \"SUCCESS\" > \"${SCRIPT_OUTPUT_FILE_0}\"\n";
			showEnvVarsInLog = 0;
		};
		ED9461F483F7CCC4C696621E /* [CP] Embed Pods Frameworks */ = {
			isa = PBXShellScriptBuildPhase;
			buildActionMask = 2147483647;
			files = (
			);
			inputPaths = (
				"${SRCROOT}/Pods/Target Support Files/Pods-SpeakToMe/Pods-SpeakToMe-frameworks.sh",
				"${BUILT_PRODUCTS_DIR}/Cartography/Cartography.framework",
				"${BUILT_PRODUCTS_DIR}/GTMSessionFetcher/GTMSessionFetcher.framework",
				"${BUILT_PRODUCTS_DIR}/GoogleToolboxForMac/GoogleToolboxForMac.framework",
				"${BUILT_PRODUCTS_DIR}/KYDrawerController/KYDrawerController.framework",
				"${BUILT_PRODUCTS_DIR}/Realm/Realm.framework",
				"${BUILT_PRODUCTS_DIR}/RealmSwift/RealmSwift.framework",
				"${BUILT_PRODUCTS_DIR}/UIColor+FlatColors/UIColor_FlatColors.framework",
				"${BUILT_PRODUCTS_DIR}/leveldb-library/leveldb.framework",
				"${BUILT_PRODUCTS_DIR}/nanopb/nanopb.framework",
			);
			name = "[CP] Embed Pods Frameworks";
			outputPaths = (
				"${TARGET_BUILD_DIR}/${FRAMEWORKS_FOLDER_PATH}/Cartography.framework",
				"${TARGET_BUILD_DIR}/${FRAMEWORKS_FOLDER_PATH}/GTMSessionFetcher.framework",
				"${TARGET_BUILD_DIR}/${FRAMEWORKS_FOLDER_PATH}/GoogleToolboxForMac.framework",
				"${TARGET_BUILD_DIR}/${FRAMEWORKS_FOLDER_PATH}/KYDrawerController.framework",
				"${TARGET_BUILD_DIR}/${FRAMEWORKS_FOLDER_PATH}/Realm.framework",
				"${TARGET_BUILD_DIR}/${FRAMEWORKS_FOLDER_PATH}/RealmSwift.framework",
				"${TARGET_BUILD_DIR}/${FRAMEWORKS_FOLDER_PATH}/UIColor_FlatColors.framework",
				"${TARGET_BUILD_DIR}/${FRAMEWORKS_FOLDER_PATH}/leveldb.framework",
				"${TARGET_BUILD_DIR}/${FRAMEWORKS_FOLDER_PATH}/nanopb.framework",
			);
			runOnlyForDeploymentPostprocessing = 0;
			shellPath = /bin/sh;
			shellScript = "\"${SRCROOT}/Pods/Target Support Files/Pods-SpeakToMe/Pods-SpeakToMe-frameworks.sh\"\n";
			showEnvVarsInLog = 0;
		};
/* End PBXShellScriptBuildPhase section */

/* Begin PBXSourcesBuildPhase section */
		7539A4691CE7A57600505E8B /* Sources */ = {
			isa = PBXSourcesBuildPhase;
			buildActionMask = 2147483647;
			files = (
				CE4676EC20F4C4DF009DA351 /* CalculateCalendarLogic.swift in Sources */,
				CE4676E320F4C491009DA351 /* DateManager.swift in Sources */,
				CE4676DA20F4C42E009DA351 /* XibTableViewCell.swift in Sources */,
				CE4676DC20F4C42E009DA351 /* CustomDrawerTableViewCell.swift in Sources */,
				AA76C042213E90AC0061DE38 /* ZLSwipeableViewController.swift in Sources */,
				AA76C039213E8B9A0061DE38 /* ZLSwipeableView.swift in Sources */,
				CE4676B720F4C34B009DA351 /* CalenderViewController.swift in Sources */,
				CE4676EF20F4C4DF009DA351 /* TargetDateSetting.swift in Sources */,
				AA4F33B42102005500B410FE /* SettingTableViewCell.swift in Sources */,
				CE4676E020F4C474009DA351 /* RealmModel.swift in Sources */,
				CE4676B920F4C34B009DA351 /* DrawerViewController.swift in Sources */,
				AA76C03E213E8D6F0061DE38 /* CardView.swift in Sources */,
				CE4676B520F4C34B009DA351 /* TopViewController.swift in Sources */,
				CE4676B620F4C34B009DA351 /* AllMyDiaryViewController.swift in Sources */,
				CE4676D620F4C42E009DA351 /* MyCustomDiaryTableViewCell.swift in Sources */,
				CE4676D820F4C42E009DA351 /* NameTableViewCell.swift in Sources */,
				CE24278920BD5DDE009955AB /* Util.swift in Sources */,
				CE4676D220F4C42E009DA351 /* CollectionViewCell.swift in Sources */,
				CE4676BB20F4C34B009DA351 /* SettingViewController.swift in Sources */,
				AA76C03C213E8B9A0061DE38 /* ViewManager.swift in Sources */,
				AA4F33B12101F37B00B410FE /* CircleImageView.swift in Sources */,
				CE4676B820F4C34B009DA351 /* MakeDiaryViewController.swift in Sources */,
				CE4676E620F4C4A7009DA351 /* Extension.swift in Sources */,
				CE4676C020F4C34B009DA351 /* ShowMyDiaryViewController.swift in Sources */,
				CE4676BE20F4C34B009DA351 /* AllRecivedDiaryViewController.swift in Sources */,
				CE4676BA20F4C34B009DA351 /* MyDiaryViewController.swift in Sources */,
				CE4676BC20F4C34B009DA351 /* AddFriendViewController.swift in Sources */,
				CE4676DE20F4C43A009DA351 /* QRViewController.swift in Sources */,
				AA76C03A213E8B9A0061DE38 /* Scheduler.swift in Sources */,
				AAF53FF32147DAC700102816 /* TimeLineViewController.swift in Sources */,
				AA76C03B213E8B9A0061DE38 /* Direction.swift in Sources */,
				AA4F33AE2101EA8900B410FE /* UserModel.swift in Sources */,
				CE4676ED20F4C4DF009DA351 /* CurrentDateSetting.swift in Sources */,
				7539A4711CE7A57600505E8B /* AppDelegate.swift in Sources */,
				CE4676A620F4C2EC009DA351 /* AllDiaryViewController.swift in Sources */,
				CE4676EE20F4C4DF009DA351 /* CalendarSetting.swift in Sources */,
				CE2E6D842101D3560065CCBB /* CustomDelegate.swift in Sources */,
			);
			runOnlyForDeploymentPostprocessing = 0;
		};
/* End PBXSourcesBuildPhase section */

/* Begin PBXVariantGroup section */
		7539A4791CE7A57600505E8B /* LaunchScreen.storyboard */ = {
			isa = PBXVariantGroup;
			children = (
				7539A47A1CE7A57600505E8B /* Base */,
			);
			name = LaunchScreen.storyboard;
			sourceTree = "<group>";
		};
/* End PBXVariantGroup section */

/* Begin XCBuildConfiguration section */
		7539A47D1CE7A57600505E8B /* Debug */ = {
			isa = XCBuildConfiguration;
			buildSettings = {
				ALWAYS_SEARCH_USER_PATHS = NO;
				ASSETCATALOG_COMPRESSION = lossless;
				CLANG_ANALYZER_NONNULL = YES;
				CLANG_CXX_LANGUAGE_STANDARD = "gnu++0x";
				CLANG_CXX_LIBRARY = "libc++";
				CLANG_ENABLE_MODULES = YES;
				CLANG_ENABLE_OBJC_ARC = YES;
				CLANG_WARN_BOOL_CONVERSION = YES;
				CLANG_WARN_CONSTANT_CONVERSION = YES;
				CLANG_WARN_DIRECT_OBJC_ISA_USAGE = YES_ERROR;
				CLANG_WARN_EMPTY_BODY = YES;
				CLANG_WARN_ENUM_CONVERSION = YES;
				CLANG_WARN_INT_CONVERSION = YES;
				CLANG_WARN_OBJC_ROOT_CLASS = YES_ERROR;
				CLANG_WARN_UNREACHABLE_CODE = YES;
				CLANG_WARN__DUPLICATE_METHOD_MATCH = YES;
				"CODE_SIGN_IDENTITY[sdk=iphoneos*]" = "-";
				COPY_PHASE_STRIP = NO;
				DEBUG_INFORMATION_FORMAT = dwarf;
				ENABLE_STRICT_OBJC_MSGSEND = YES;
				ENABLE_TESTABILITY = YES;
				GCC_C_LANGUAGE_STANDARD = gnu99;
				GCC_DYNAMIC_NO_PIC = NO;
				GCC_NO_COMMON_BLOCKS = YES;
				GCC_OPTIMIZATION_LEVEL = 0;
				GCC_PREPROCESSOR_DEFINITIONS = (
					"DEBUG=1",
					"$(inherited)",
				);
				GCC_WARN_64_TO_32_BIT_CONVERSION = YES;
				GCC_WARN_ABOUT_RETURN_TYPE = YES_ERROR;
				GCC_WARN_UNDECLARED_SELECTOR = YES;
				GCC_WARN_UNINITIALIZED_AUTOS = YES_AGGRESSIVE;
				GCC_WARN_UNUSED_FUNCTION = YES;
				GCC_WARN_UNUSED_VARIABLE = YES;
				IPHONEOS_DEPLOYMENT_TARGET = 10.0;
				MTL_ENABLE_DEBUG_INFO = YES;
				ONLY_ACTIVE_ARCH = YES;
				SDKROOT = iphoneos;
				SWIFT_ACTIVE_COMPILATION_CONDITIONS = DEBUG;
				SWIFT_OPTIMIZATION_LEVEL = "-Onone";
				TARGETED_DEVICE_FAMILY = "1,2";
			};
			name = Debug;
		};
		7539A47E1CE7A57600505E8B /* Release */ = {
			isa = XCBuildConfiguration;
			buildSettings = {
				ALWAYS_SEARCH_USER_PATHS = NO;
				ASSETCATALOG_COMPRESSION = "respect-asset-catalog";
				CLANG_ANALYZER_NONNULL = YES;
				CLANG_CXX_LANGUAGE_STANDARD = "gnu++0x";
				CLANG_CXX_LIBRARY = "libc++";
				CLANG_ENABLE_MODULES = YES;
				CLANG_ENABLE_OBJC_ARC = YES;
				CLANG_WARN_BOOL_CONVERSION = YES;
				CLANG_WARN_CONSTANT_CONVERSION = YES;
				CLANG_WARN_DIRECT_OBJC_ISA_USAGE = YES_ERROR;
				CLANG_WARN_EMPTY_BODY = YES;
				CLANG_WARN_ENUM_CONVERSION = YES;
				CLANG_WARN_INT_CONVERSION = YES;
				CLANG_WARN_OBJC_ROOT_CLASS = YES_ERROR;
				CLANG_WARN_UNREACHABLE_CODE = YES;
				CLANG_WARN__DUPLICATE_METHOD_MATCH = YES;
				"CODE_SIGN_IDENTITY[sdk=iphoneos*]" = "-";
				COPY_PHASE_STRIP = NO;
				DEBUG_INFORMATION_FORMAT = "dwarf-with-dsym";
				ENABLE_NS_ASSERTIONS = NO;
				ENABLE_STRICT_OBJC_MSGSEND = YES;
				GCC_C_LANGUAGE_STANDARD = gnu99;
				GCC_NO_COMMON_BLOCKS = YES;
				GCC_WARN_64_TO_32_BIT_CONVERSION = YES;
				GCC_WARN_ABOUT_RETURN_TYPE = YES_ERROR;
				GCC_WARN_UNDECLARED_SELECTOR = YES;
				GCC_WARN_UNINITIALIZED_AUTOS = YES_AGGRESSIVE;
				GCC_WARN_UNUSED_FUNCTION = YES;
				GCC_WARN_UNUSED_VARIABLE = YES;
				IPHONEOS_DEPLOYMENT_TARGET = 10.0;
				MTL_ENABLE_DEBUG_INFO = NO;
				SDKROOT = iphoneos;
				SWIFT_OPTIMIZATION_LEVEL = "-Owholemodule";
				TARGETED_DEVICE_FAMILY = "1,2";
				VALIDATE_PRODUCT = YES;
			};
			name = Release;
		};
		7539A4801CE7A57600505E8B /* Debug */ = {
			isa = XCBuildConfiguration;
			baseConfigurationReference = 5CA9256706EB01288FB2DAC0 /* Pods-SpeakToMe.debug.xcconfig */;
			buildSettings = {
				ASSETCATALOG_COMPILER_APPICON_NAME = AppIcon;
				CODE_SIGN_IDENTITY = "iPhone Developer";
				"CODE_SIGN_IDENTITY[sdk=iphoneos*]" = "iPhone Developer";
				CODE_SIGN_STYLE = Automatic;
				DEVELOPMENT_TEAM = V7EPKJW7KG;
				INFOPLIST_FILE = SpeakToMe/Info.plist;
				IPHONEOS_DEPLOYMENT_TARGET = 10.3;
				LD_RUNPATH_SEARCH_PATHS = "$(inherited) @executable_path/Frameworks";
				PRODUCT_BUNDLE_IDENTIFIER = com.marina.harada.comdiary;
				PRODUCT_NAME = "$(TARGET_NAME)";
				PROVISIONING_PROFILE_SPECIFIER = "";
				SWIFT_VERSION = 3.0;
			};
			name = Debug;
		};
		7539A4811CE7A57600505E8B /* Release */ = {
			isa = XCBuildConfiguration;
			baseConfigurationReference = 7728B0D1782366C8CF929497 /* Pods-SpeakToMe.release.xcconfig */;
			buildSettings = {
				ASSETCATALOG_COMPILER_APPICON_NAME = AppIcon;
				CODE_SIGN_IDENTITY = "iPhone Developer";
				"CODE_SIGN_IDENTITY[sdk=iphoneos*]" = "iPhone Developer";
				CODE_SIGN_STYLE = Automatic;
				DEVELOPMENT_TEAM = V7EPKJW7KG;
				INFOPLIST_FILE = SpeakToMe/Info.plist;
				IPHONEOS_DEPLOYMENT_TARGET = 10.3;
				LD_RUNPATH_SEARCH_PATHS = "$(inherited) @executable_path/Frameworks";
				PRODUCT_BUNDLE_IDENTIFIER = com.marina.harada.comdiary;
				PRODUCT_NAME = "$(TARGET_NAME)";
				PROVISIONING_PROFILE_SPECIFIER = "";
				SWIFT_VERSION = 3.0;
			};
			name = Release;
		};
/* End XCBuildConfiguration section */

/* Begin XCConfigurationList section */
		7539A4681CE7A57600505E8B /* Build configuration list for PBXProject "Diary" */ = {
			isa = XCConfigurationList;
			buildConfigurations = (
				7539A47D1CE7A57600505E8B /* Debug */,
				7539A47E1CE7A57600505E8B /* Release */,
			);
			defaultConfigurationIsVisible = 0;
			defaultConfigurationName = Release;
		};
		7539A47F1CE7A57600505E8B /* Build configuration list for PBXNativeTarget "SpeakToMe" */ = {
			isa = XCConfigurationList;
			buildConfigurations = (
				7539A4801CE7A57600505E8B /* Debug */,
				7539A4811CE7A57600505E8B /* Release */,
			);
			defaultConfigurationIsVisible = 0;
			defaultConfigurationName = Release;
		};
/* End XCConfigurationList section */
	};
	rootObject = 7539A4651CE7A57600505E8B /* Project object */;
}
